// !$*UTF8*$!
{
	archiveVersion = 1;
	classes = {
	};
	objectVersion = 50;
	objects = {

/* Begin PBXBuildFile section */
		BE59A32A24C0DD3500462F33 /* GridView.swift in Sources */ = {isa = PBXBuildFile; fileRef = BE59A32924C0DD3500462F33 /* GridView.swift */; };
		BE59A32C24C0E30A00462F33 /* GridViewLayout.swift in Sources */ = {isa = PBXBuildFile; fileRef = BE59A32B24C0E30A00462F33 /* GridViewLayout.swift */; };
		BEF2E5FA2484B112001A87C8 /* AppDelegate.swift in Sources */ = {isa = PBXBuildFile; fileRef = BEF2E5F92484B112001A87C8 /* AppDelegate.swift */; };
		BEF2E5FC2484B112001A87C8 /* SceneDelegate.swift in Sources */ = {isa = PBXBuildFile; fileRef = BEF2E5FB2484B112001A87C8 /* SceneDelegate.swift */; };
		BEF2E5FE2484B112001A87C8 /* MemoryGameView.swift in Sources */ = {isa = PBXBuildFile; fileRef = BEF2E5FD2484B112001A87C8 /* MemoryGameView.swift */; };
		BEF2E6002484B114001A87C8 /* Assets.xcassets in Resources */ = {isa = PBXBuildFile; fileRef = BEF2E5FF2484B114001A87C8 /* Assets.xcassets */; };
		BEF2E6032484B114001A87C8 /* Preview Assets.xcassets in Resources */ = {isa = PBXBuildFile; fileRef = BEF2E6022484B114001A87C8 /* Preview Assets.xcassets */; };
		BEF2E6062484B114001A87C8 /* LaunchScreen.storyboard in Resources */ = {isa = PBXBuildFile; fileRef = BEF2E6042484B114001A87C8 /* LaunchScreen.storyboard */; };
		BEF2E60E2484B64B001A87C8 /* MemoryGameModel.swift in Sources */ = {isa = PBXBuildFile; fileRef = BEF2E60D2484B64B001A87C8 /* MemoryGameModel.swift */; };
		BEF2E6102484B7A0001A87C8 /* EmojiMemoryGameViewModel.swift in Sources */ = {isa = PBXBuildFile; fileRef = BEF2E60F2484B7A0001A87C8 /* EmojiMemoryGameViewModel.swift */; };
/* End PBXBuildFile section */

/* Begin PBXFileReference section */
		BE59A32924C0DD3500462F33 /* GridView.swift */ = {isa = PBXFileReference; lastKnownFileType = sourcecode.swift; path = GridView.swift; sourceTree = "<group>"; };
		BE59A32B24C0E30A00462F33 /* GridViewLayout.swift */ = {isa = PBXFileReference; lastKnownFileType = sourcecode.swift; path = GridViewLayout.swift; sourceTree = "<group>"; };
		BEF2E5F62484B112001A87C8 /* CS 193P Memory Game.app */ = {isa = PBXFileReference; explicitFileType = wrapper.application; includeInIndex = 0; path = "CS 193P Memory Game.app"; sourceTree = BUILT_PRODUCTS_DIR; };
		BEF2E5F92484B112001A87C8 /* AppDelegate.swift */ = {isa = PBXFileReference; lastKnownFileType = sourcecode.swift; path = AppDelegate.swift; sourceTree = "<group>"; };
		BEF2E5FB2484B112001A87C8 /* SceneDelegate.swift */ = {isa = PBXFileReference; lastKnownFileType = sourcecode.swift; path = SceneDelegate.swift; sourceTree = "<group>"; };
		BEF2E5FD2484B112001A87C8 /* MemoryGameView.swift */ = {isa = PBXFileReference; lastKnownFileType = sourcecode.swift; path = MemoryGameView.swift; sourceTree = "<group>"; };
		BEF2E5FF2484B114001A87C8 /* Assets.xcassets */ = {isa = PBXFileReference; lastKnownFileType = folder.assetcatalog; path = Assets.xcassets; sourceTree = "<group>"; };
		BEF2E6022484B114001A87C8 /* Preview Assets.xcassets */ = {isa = PBXFileReference; lastKnownFileType = folder.assetcatalog; path = "Preview Assets.xcassets"; sourceTree = "<group>"; };
		BEF2E6052484B114001A87C8 /* Base */ = {isa = PBXFileReference; lastKnownFileType = file.storyboard; name = Base; path = Base.lproj/LaunchScreen.storyboard; sourceTree = "<group>"; };
		BEF2E6072484B114001A87C8 /* Info.plist */ = {isa = PBXFileReference; lastKnownFileType = text.plist.xml; path = Info.plist; sourceTree = "<group>"; };
		BEF2E60D2484B64B001A87C8 /* MemoryGameModel.swift */ = {isa = PBXFileReference; lastKnownFileType = sourcecode.swift; path = MemoryGameModel.swift; sourceTree = "<group>"; };
		BEF2E60F2484B7A0001A87C8 /* EmojiMemoryGameViewModel.swift */ = {isa = PBXFileReference; lastKnownFileType = sourcecode.swift; path = EmojiMemoryGameViewModel.swift; sourceTree = "<group>"; };
/* End PBXFileReference section */

/* Begin PBXFrameworksBuildPhase section */
		BEF2E5F32484B112001A87C8 /* Frameworks */ = {
			isa = PBXFrameworksBuildPhase;
			buildActionMask = 2147483647;
			files = (
			);
			runOnlyForDeploymentPostprocessing = 0;
		};
/* End PBXFrameworksBuildPhase section */

/* Begin PBXGroup section */
		BEF2E5ED2484B112001A87C8 = {
			isa = PBXGroup;
			children = (
				BEF2E5F82484B112001A87C8 /* MemoryGame */,
				BEF2E5F72484B112001A87C8 /* Products */,
			);
			sourceTree = "<group>";
		};
		BEF2E5F72484B112001A87C8 /* Products */ = {
			isa = PBXGroup;
			children = (
				BEF2E5F62484B112001A87C8 /* CS 193P Memory Game.app */,
			);
			name = Products;
			sourceTree = "<group>";
		};
		BEF2E5F82484B112001A87C8 /* MemoryGame */ = {
			isa = PBXGroup;
			children = (
				BEF2E5F92484B112001A87C8 /* AppDelegate.swift */,
				BEF2E5FB2484B112001A87C8 /* SceneDelegate.swift */,
				BEF2E60D2484B64B001A87C8 /* MemoryGameModel.swift */,
				BEF2E60F2484B7A0001A87C8 /* EmojiMemoryGameViewModel.swift */,
				BEF2E5FD2484B112001A87C8 /* MemoryGameView.swift */,
				BE59A32924C0DD3500462F33 /* GridView.swift */,
				BE59A32B24C0E30A00462F33 /* GridViewLayout.swift */,
				BEF2E5FF2484B114001A87C8 /* Assets.xcassets */,
				BEF2E6042484B114001A87C8 /* LaunchScreen.storyboard */,
				BEF2E6072484B114001A87C8 /* Info.plist */,
				BEF2E6012484B114001A87C8 /* Preview Content */,
			);
			path = MemoryGame;
			sourceTree = "<group>";
		};
		BEF2E6012484B114001A87C8 /* Preview Content */ = {
			isa = PBXGroup;
			children = (
				BEF2E6022484B114001A87C8 /* Preview Assets.xcassets */,
			);
			path = "Preview Content";
			sourceTree = "<group>";
		};
/* End PBXGroup section */

/* Begin PBXNativeTarget section */
		BEF2E5F52484B112001A87C8 /* MemoryGame */ = {
			isa = PBXNativeTarget;
			buildConfigurationList = BEF2E60A2484B114001A87C8 /* Build configuration list for PBXNativeTarget "MemoryGame" */;
			buildPhases = (
				BEF2E5F22484B112001A87C8 /* Sources */,
				BEF2E5F32484B112001A87C8 /* Frameworks */,
				BEF2E5F42484B112001A87C8 /* Resources */,
			);
			buildRules = (
			);
			dependencies = (
			);
			name = MemoryGame;
			productName = MemoryGame;
			productReference = BEF2E5F62484B112001A87C8 /* CS 193P Memory Game.app */;
			productType = "com.apple.product-type.application";
		};
/* End PBXNativeTarget section */

/* Begin PBXProject section */
		BEF2E5EE2484B112001A87C8 /* Project object */ = {
			isa = PBXProject;
			attributes = {
				LastSwiftUpdateCheck = 1150;
				LastUpgradeCheck = 1150;
				ORGANIZATIONNAME = "Muchen He";
				TargetAttributes = {
					BEF2E5F52484B112001A87C8 = {
						CreatedOnToolsVersion = 11.5;
					};
				};
			};
			buildConfigurationList = BEF2E5F12484B112001A87C8 /* Build configuration list for PBXProject "MemoryGame" */;
			compatibilityVersion = "Xcode 9.3";
			developmentRegion = en;
			hasScannedForEncodings = 0;
			knownRegions = (
				en,
				Base,
			);
			mainGroup = BEF2E5ED2484B112001A87C8;
			productRefGroup = BEF2E5F72484B112001A87C8 /* Products */;
			projectDirPath = "";
			projectRoot = "";
			targets = (
				BEF2E5F52484B112001A87C8 /* MemoryGame */,
			);
		};
/* End PBXProject section */

/* Begin PBXResourcesBuildPhase section */
		BEF2E5F42484B112001A87C8 /* Resources */ = {
			isa = PBXResourcesBuildPhase;
			buildActionMask = 2147483647;
			files = (
				BEF2E6062484B114001A87C8 /* LaunchScreen.storyboard in Resources */,
				BEF2E6032484B114001A87C8 /* Preview Assets.xcassets in Resources */,
				BEF2E6002484B114001A87C8 /* Assets.xcassets in Resources */,
			);
			runOnlyForDeploymentPostprocessing = 0;
		};
/* End PBXResourcesBuildPhase section */

/* Begin PBXSourcesBuildPhase section */
		BEF2E5F22484B112001A87C8 /* Sources */ = {
			isa = PBXSourcesBuildPhase;
			buildActionMask = 2147483647;
			files = (
				BEF2E5FA2484B112001A87C8 /* AppDelegate.swift in Sources */,
				BEF2E5FC2484B112001A87C8 /* SceneDelegate.swift in Sources */,
				BEF2E60E2484B64B001A87C8 /* MemoryGameModel.swift in Sources */,
				BEF2E5FE2484B112001A87C8 /* MemoryGameView.swift in Sources */,
				BE59A32A24C0DD3500462F33 /* GridView.swift in Sources */,
				BE59A32C24C0E30A00462F33 /* GridViewLayout.swift in Sources */,
				BEF2E6102484B7A0001A87C8 /* EmojiMemoryGameViewModel.swift in Sources */,
			);
			runOnlyForDeploymentPostprocessing = 0;
		};
/* End PBXSourcesBuildPhase section */

/* Begin PBXVariantGroup section */
		BEF2E6042484B114001A87C8 /* LaunchScreen.storyboard */ = {
			isa = PBXVariantGroup;
			children = (
				BEF2E6052484B114001A87C8 /* Base */,
			);
			name = LaunchScreen.storyboard;
			sourceTree = "<group>";
		};
/* End PBXVariantGroup section */

/* Begin XCBuildConfiguration section */
		BEF2E6082484B114001A87C8 /* Debug */ = {
			isa = XCBuildConfiguration;
			buildSettings = {
				ALWAYS_SEARCH_USER_PATHS = NO;
				CLANG_ANALYZER_NONNULL = YES;
				CLANG_ANALYZER_NUMBER_OBJECT_CONVERSION = YES_AGGRESSIVE;
				CLANG_CXX_LANGUAGE_STANDARD = "gnu++14";
				CLANG_CXX_LIBRARY = "libc++";
				CLANG_ENABLE_MODULES = YES;
				CLANG_ENABLE_OBJC_ARC = YES;
				CLANG_ENABLE_OBJC_WEAK = YES;
				CLANG_WARN_BLOCK_CAPTURE_AUTORELEASING = YES;
				CLANG_WARN_BOOL_CONVERSION = YES;
				CLANG_WARN_COMMA = YES;
				CLANG_WARN_CONSTANT_CONVERSION = YES;
				CLANG_WARN_DEPRECATED_OBJC_IMPLEMENTATIONS = YES;
				CLANG_WARN_DIRECT_OBJC_ISA_USAGE = YES_ERROR;
				CLANG_WARN_DOCUMENTATION_COMMENTS = YES;
				CLANG_WARN_EMPTY_BODY = YES;
				CLANG_WARN_ENUM_CONVERSION = YES;
				CLANG_WARN_INFINITE_RECURSION = YES;
				CLANG_WARN_INT_CONVERSION = YES;
				CLANG_WARN_NON_LITERAL_NULL_CONVERSION = YES;
				CLANG_WARN_OBJC_IMPLICIT_RETAIN_SELF = YES;
				CLANG_WARN_OBJC_LITERAL_CONVERSION = YES;
				CLANG_WARN_OBJC_ROOT_CLASS = YES_ERROR;
				CLANG_WARN_RANGE_LOOP_ANALYSIS = YES;
				CLANG_WARN_STRICT_PROTOTYPES = YES;
				CLANG_WARN_SUSPICIOUS_MOVE = YES;
				CLANG_WARN_UNGUARDED_AVAILABILITY = YES_AGGRESSIVE;
				CLANG_WARN_UNREACHABLE_CODE = YES;
				CLANG_WARN__DUPLICATE_METHOD_MATCH = YES;
				COPY_PHASE_STRIP = NO;
				DEBUG_INFORMATION_FORMAT = dwarf;
				ENABLE_STRICT_OBJC_MSGSEND = YES;
				ENABLE_TESTABILITY = YES;
				GCC_C_LANGUAGE_STANDARD = gnu11;
				GCC_DYNAMIC_NO_PIC = NO;
				GCC_NO_COMMON_BLOCKS = YES;
				GCC_OPTIMIZATION_LEVEL = 0;
				GCC_PREPROCESSOR_DEFINITIONS = (
					"DEBUG=1",
					"$(inherited)",
				);
				GCC_WARN_64_TO_32_BIT_CONVERSION = YES;
				GCC_WARN_ABOUT_RETURN_TYPE = YES_ERROR;
				GCC_WARN_UNDECLARED_SELECTOR = YES;
				GCC_WARN_UNINITIALIZED_AUTOS = YES_AGGRESSIVE;
				GCC_WARN_UNUSED_FUNCTION = YES;
				GCC_WARN_UNUSED_VARIABLE = YES;
				IPHONEOS_DEPLOYMENT_TARGET = 13.5;
				MTL_ENABLE_DEBUG_INFO = INCLUDE_SOURCE;
				MTL_FAST_MATH = YES;
				ONLY_ACTIVE_ARCH = YES;
				SDKROOT = iphoneos;
				SWIFT_ACTIVE_COMPILATION_CONDITIONS = DEBUG;
				SWIFT_OPTIMIZATION_LEVEL = "-Onone";
			};
			name = Debug;
		};
		BEF2E6092484B114001A87C8 /* Release */ = {
			isa = XCBuildConfiguration;
			buildSettings = {
				ALWAYS_SEARCH_USER_PATHS = NO;
				CLANG_ANALYZER_NONNULL = YES;
				CLANG_ANALYZER_NUMBER_OBJECT_CONVERSION = YES_AGGRESSIVE;
				CLANG_CXX_LANGUAGE_STANDARD = "gnu++14";
				CLANG_CXX_LIBRARY = "libc++";
				CLANG_ENABLE_MODULES = YES;
				CLANG_ENABLE_OBJC_ARC = YES;
				CLANG_ENABLE_OBJC_WEAK = YES;
				CLANG_WARN_BLOCK_CAPTURE_AUTORELEASING = YES;
				CLANG_WARN_BOOL_CONVERSION = YES;
				CLANG_WARN_COMMA = YES;
				CLANG_WARN_CONSTANT_CONVERSION = YES;
				CLANG_WARN_DEPRECATED_OBJC_IMPLEMENTATIONS = YES;
				CLANG_WARN_DIRECT_OBJC_ISA_USAGE = YES_ERROR;
				CLANG_WARN_DOCUMENTATION_COMMENTS = YES;
				CLANG_WARN_EMPTY_BODY = YES;
				CLANG_WARN_ENUM_CONVERSION = YES;
				CLANG_WARN_INFINITE_RECURSION = YES;
				CLANG_WARN_INT_CONVERSION = YES;
				CLANG_WARN_NON_LITERAL_NULL_CONVERSION = YES;
				CLANG_WARN_OBJC_IMPLICIT_RETAIN_SELF = YES;
				CLANG_WARN_OBJC_LITERAL_CONVERSION = YES;
				CLANG_WARN_OBJC_ROOT_CLASS = YES_ERROR;
				CLANG_WARN_RANGE_LOOP_ANALYSIS = YES;
				CLANG_WARN_STRICT_PROTOTYPES = YES;
				CLANG_WARN_SUSPICIOUS_MOVE = YES;
				CLANG_WARN_UNGUARDED_AVAILABILITY = YES_AGGRESSIVE;
				CLANG_WARN_UNREACHABLE_CODE = YES;
				CLANG_WARN__DUPLICATE_METHOD_MATCH = YES;
				COPY_PHASE_STRIP = NO;
				DEBUG_INFORMATION_FORMAT = "dwarf-with-dsym";
				ENABLE_NS_ASSERTIONS = NO;
				ENABLE_STRICT_OBJC_MSGSEND = YES;
				GCC_C_LANGUAGE_STANDARD = gnu11;
				GCC_NO_COMMON_BLOCKS = YES;
				GCC_WARN_64_TO_32_BIT_CONVERSION = YES;
				GCC_WARN_ABOUT_RETURN_TYPE = YES_ERROR;
				GCC_WARN_UNDECLARED_SELECTOR = YES;
				GCC_WARN_UNINITIALIZED_AUTOS = YES_AGGRESSIVE;
				GCC_WARN_UNUSED_FUNCTION = YES;
				GCC_WARN_UNUSED_VARIABLE = YES;
				IPHONEOS_DEPLOYMENT_TARGET = 13.5;
				MTL_ENABLE_DEBUG_INFO = NO;
				MTL_FAST_MATH = YES;
				SDKROOT = iphoneos;
				SWIFT_COMPILATION_MODE = wholemodule;
				SWIFT_OPTIMIZATION_LEVEL = "-O";
				VALIDATE_PRODUCT = YES;
			};
			name = Release;
		};
		BEF2E60B2484B114001A87C8 /* Debug */ = {
			isa = XCBuildConfiguration;
			buildSettings = {
				ASSETCATALOG_COMPILER_APPICON_NAME = AppIcon;
				CODE_SIGN_STYLE = Automatic;
				DEVELOPMENT_ASSET_PATHS = "\"MemoryGame/Preview Content\"";
				DEVELOPMENT_TEAM = TPPY236W96;
				ENABLE_PREVIEWS = YES;
				INFOPLIST_FILE = MemoryGame/Info.plist;
				LD_RUNPATH_SEARCH_PATHS = (
					"$(inherited)",
					"@executable_path/Frameworks",
				);
				PRODUCT_BUNDLE_IDENTIFIER = com.muchenhe.CS193PMemoryGame;
				PRODUCT_NAME = "CS 193P Memory Game";
				SWIFT_VERSION = 5.0;
				TARGETED_DEVICE_FAMILY = "1,2";
			};
			name = Debug;
		};
		BEF2E60C2484B114001A87C8 /* Release */ = {
			isa = XCBuildConfiguration;
			buildSettings = {
				ASSETCATALOG_COMPILER_APPICON_NAME = AppIcon;
				CODE_SIGN_STYLE = Automatic;
				DEVELOPMENT_ASSET_PATHS = "\"MemoryGame/Preview Content\"";
				DEVELOPMENT_TEAM = TPPY236W96;
				ENABLE_PREVIEWS = YES;
				INFOPLIST_FILE = MemoryGame/Info.plist;
				LD_RUNPATH_SEARCH_PATHS = (
					"$(inherited)",
					"@executable_path/Frameworks",
				);
				PRODUCT_BUNDLE_IDENTIFIER = com.muchenhe.CS193PMemoryGame;
				PRODUCT_NAME = "CS 193P Memory Game";
				SWIFT_VERSION = 5.0;
				TARGETED_DEVICE_FAMILY = "1,2";
			};
			name = Release;
		};
/* End XCBuildConfiguration section */

/* Begin XCConfigurationList section */
		BEF2E5F12484B112001A87C8 /* Build configuration list for PBXProject "MemoryGame" */ = {
			isa = XCConfigurationList;
			buildConfigurations = (
				BEF2E6082484B114001A87C8 /* Debug */,
				BEF2E6092484B114001A87C8 /* Release */,
			);
			defaultConfigurationIsVisible = 0;
			defaultConfigurationName = Release;
		};
		BEF2E60A2484B114001A87C8 /* Build configuration list for PBXNativeTarget "MemoryGame" */ = {
			isa = XCConfigurationList;
			buildConfigurations = (
				BEF2E60B2484B114001A87C8 /* Debug */,
				BEF2E60C2484B114001A87C8 /* Release */,
			);
			defaultConfigurationIsVisible = 0;
			defaultConfigurationName = Release;
		};
/* End XCConfigurationList section */
	};
	rootObject = BEF2E5EE2484B112001A87C8 /* Project object */;
}
